
Microsoft Visual Studio Solution File, Format Version 12.00
# Visual Studio 15
VisualStudioVersion = 15.0.28307.489
MinimumVisualStudioVersion = 10.0.40219.1
Project("{9A19103F-16F7-4668-BE54-9A1E7A4F7556}") = "OFoodWeChat.Core", "OFoodWeChat.Core\OFoodWeChat.Core.csproj", "{ADEC7584-B86D-4482-B9C1-C1E9556F87EF}"
EndProject
Project("{9A19103F-16F7-4668-BE54-9A1E7A4F7556}") = "OFoodWeChat.WebSocket", "OFoodWeChat.WebSocket\OFoodWeChat.WebSocket.csproj", "{839A0240-E829-449D-BF9D-1317BA88B854}"
EndProject
Project("{FAE04EC0-301F-11D3-BF4B-00C04F79EFBC}") = "OFoodWeChat.Work", "OFoodWeChat.Work\OFoodWeChat.Work.csproj", "{966D28AC-93C9-41D5-811E-84C4DC3BD829}"
EndProject
Project("{2150E333-8FDC-42A3-9474-1A3956D46DE8}") = "基础库", "基础库", "{181267C1-BBCE-4A05-AC9A-F37D8BA71F4A}"
EndProject
Project("{2150E333-8FDC-42A3-9474-1A3956D46DE8}") = "小程序", "小程序", "{59729EB3-85AC-4B1B-9A94-325E577E21A9}"
EndProject
Project("{2150E333-8FDC-42A3-9474-1A3956D46DE8}") = "企业号", "企业号", "{A50AC6F2-7BFF-44CC-8A9B-D4D25665FDF7}"
EndProject
Project("{2150E333-8FDC-42A3-9474-1A3956D46DE8}") = "公众号", "公众号", "{DD0C9D51-4A56-43F2-B4BB-8FB0B9C37A7D}"
EndProject
Project("{2150E333-8FDC-42A3-9474-1A3956D46DE8}") = "微信开放平台", "微信开放平台", "{AA09343E-73E2-43F4-8808-FC488E5D7391}"
EndProject
Project("{2150E333-8FDC-42A3-9474-1A3956D46DE8}") = "微信支付", "微信支付", "{14513527-E0A8-401F-8CE8-8D95647F1665}"
EndProject
Project("{2150E333-8FDC-42A3-9474-1A3956D46DE8}") = "分布式缓存", "分布式缓存", "{CB74F1AB-EE25-4D57-BBA4-A0D251D96F01}"
EndProject
Project("{9A19103F-16F7-4668-BE54-9A1E7A4F7556}") = "OFoodWeChat.Open", "OFoodWeChat.Open\OFoodWeChat.Open.csproj", "{E30D0AEA-1205-43D9-80E6-022A04EB3D58}"
EndProject
Project("{9A19103F-16F7-4668-BE54-9A1E7A4F7556}") = "OFoodWeChat.TenPay", "OFoodWeChat.TenPay\OFoodWeChat.TenPay.csproj", "{8611E7BD-3B88-4546-AEFC-94E4FB8EB5E6}"
EndProject
Project("{9A19103F-16F7-4668-BE54-9A1E7A4F7556}") = "OFoodWeChat.MP", "OFoodWeChat.MP\OFoodWeChat.MP.csproj", "{A06DD365-7829-457E-AFEF-AACAF167B2B3}"
EndProject
Project("{9A19103F-16F7-4668-BE54-9A1E7A4F7556}") = "OFoodWeChat.Infrastructure", "OFoodWeChat.Infrastructure\OFoodWeChat.Infrastructure.csproj", "{3141EE13-BB6A-410D-85F0-E9EF6904E2BD}"
EndProject
Project("{9A19103F-16F7-4668-BE54-9A1E7A4F7556}") = "OFoodWeChat.WxOpen", "OFoodWeChat.WxOpen\OFoodWeChat.WxOpen.csproj", "{06121EE7-1FAA-4A5A-87E2-2D1A9BA60D64}"
EndProject
Project("{2150E333-8FDC-42A3-9474-1A3956D46DE8}") = "案例", "案例", "{7B8FC8E8-5599-4918-B3A7-AFE3A98E5D25}"
EndProject
Project("{9A19103F-16F7-4668-BE54-9A1E7A4F7556}") = "OFoodWeChat.MP.Web", "Sample\OFoodWeChat.MP.Web\OFoodWeChat.MP.Web.csproj", "{8AF4AA6F-5F8D-424E-8C70-053684801857}"
EndProject
Project("{9A19103F-16F7-4668-BE54-9A1E7A4F7556}") = "OFoodWeChat.MP.Web.Core", "Sample\OFoodWeChat.MP.Web.Core\OFoodWeChat.MP.Web.Core.csproj", "{7A4EAC9F-6550-4A05-B424-CB0375066BB9}"
EndProject
Project("{9A19103F-16F7-4668-BE54-9A1E7A4F7556}") = "OFoodWeChat.Cache.Memcached", "OFoodWeChat.Cache.Memcached\OFoodWeChat.Cache.Memcached.csproj", "{5D23D86B-0448-461E-B95C-EF73E26BCEE8}"
EndProject
Project("{9A19103F-16F7-4668-BE54-9A1E7A4F7556}") = "OFoodWeChat.Cache.Redis", "OFoodWeChat.Cache.Redis\OFoodWeChat.Cache.Redis.csproj", "{CF70FB40-001B-4BAB-B7B7-7B9DA844383A}"
EndProject
Project("{FAE04EC0-301F-11D3-BF4B-00C04F79EFBC}") = "OFoodWeChat.Cache.Redis.RedLock", "OFoodWeChat.Cache.Redis.RedLock\OFoodWeChat.Cache.Redis.RedLock.csproj", "{29AEC2F3-3458-40C9-BA28-FE4900270ED2}"
EndProject
Global
	GlobalSection(SolutionConfigurationPlatforms) = preSolution
		Debug|Any CPU = Debug|Any CPU
		Release|Any CPU = Release|Any CPU
	EndGlobalSection
	GlobalSection(ProjectConfigurationPlatforms) = postSolution
		{ADEC7584-B86D-4482-B9C1-C1E9556F87EF}.Debug|Any CPU.ActiveCfg = Debug|Any CPU
		{ADEC7584-B86D-4482-B9C1-C1E9556F87EF}.Debug|Any CPU.Build.0 = Debug|Any CPU
		{ADEC7584-B86D-4482-B9C1-C1E9556F87EF}.Release|Any CPU.ActiveCfg = Release|Any CPU
		{ADEC7584-B86D-4482-B9C1-C1E9556F87EF}.Release|Any CPU.Build.0 = Release|Any CPU
		{839A0240-E829-449D-BF9D-1317BA88B854}.Debug|Any CPU.ActiveCfg = Debug|Any CPU
		{839A0240-E829-449D-BF9D-1317BA88B854}.Debug|Any CPU.Build.0 = Debug|Any CPU
		{839A0240-E829-449D-BF9D-1317BA88B854}.Release|Any CPU.ActiveCfg = Release|Any CPU
		{839A0240-E829-449D-BF9D-1317BA88B854}.Release|Any CPU.Build.0 = Release|Any CPU
		{966D28AC-93C9-41D5-811E-84C4DC3BD829}.Debug|Any CPU.ActiveCfg = Debug|Any CPU
		{966D28AC-93C9-41D5-811E-84C4DC3BD829}.Debug|Any CPU.Build.0 = Debug|Any CPU
		{966D28AC-93C9-41D5-811E-84C4DC3BD829}.Release|Any CPU.ActiveCfg = Release|Any CPU
		{966D28AC-93C9-41D5-811E-84C4DC3BD829}.Release|Any CPU.Build.0 = Release|Any CPU
		{E30D0AEA-1205-43D9-80E6-022A04EB3D58}.Debug|Any CPU.ActiveCfg = Debug|Any CPU
		{E30D0AEA-1205-43D9-80E6-022A04EB3D58}.Debug|Any CPU.Build.0 = Debug|Any CPU
		{E30D0AEA-1205-43D9-80E6-022A04EB3D58}.Release|Any CPU.ActiveCfg = Release|Any CPU
		{E30D0AEA-1205-43D9-80E6-022A04EB3D58}.Release|Any CPU.Build.0 = Release|Any CPU
		{8611E7BD-3B88-4546-AEFC-94E4FB8EB5E6}.Debug|Any CPU.ActiveCfg = Debug|Any CPU
		{8611E7BD-3B88-4546-AEFC-94E4FB8EB5E6}.Debug|Any CPU.Build.0 = Debug|Any CPU
		{8611E7BD-3B88-4546-AEFC-94E4FB8EB5E6}.Release|Any CPU.ActiveCfg = Release|Any CPU
		{8611E7BD-3B88-4546-AEFC-94E4FB8EB5E6}.Release|Any CPU.Build.0 = Release|Any CPU
		{A06DD365-7829-457E-AFEF-AACAF167B2B3}.Debug|Any CPU.ActiveCfg = Debug|Any CPU
		{A06DD365-7829-457E-AFEF-AACAF167B2B3}.Debug|Any CPU.Build.0 = Debug|Any CPU
		{A06DD365-7829-457E-AFEF-AACAF167B2B3}.Release|Any CPU.ActiveCfg = Release|Any CPU
		{A06DD365-7829-457E-AFEF-AACAF167B2B3}.Release|Any CPU.Build.0 = Release|Any CPU
		{3141EE13-BB6A-410D-85F0-E9EF6904E2BD}.Debug|Any CPU.ActiveCfg = Debug|Any CPU
		{3141EE13-BB6A-410D-85F0-E9EF6904E2BD}.Debug|Any CPU.Build.0 = Debug|Any CPU
		{3141EE13-BB6A-410D-85F0-E9EF6904E2BD}.Release|Any CPU.ActiveCfg = Release|Any CPU
		{3141EE13-BB6A-410D-85F0-E9EF6904E2BD}.Release|Any CPU.Build.0 = Release|Any CPU
		{06121EE7-1FAA-4A5A-87E2-2D1A9BA60D64}.Debug|Any CPU.ActiveCfg = Debug|Any CPU
		{06121EE7-1FAA-4A5A-87E2-2D1A9BA60D64}.Debug|Any CPU.Build.0 = Debug|Any CPU
		{06121EE7-1FAA-4A5A-87E2-2D1A9BA60D64}.Release|Any CPU.ActiveCfg = Release|Any CPU
		{06121EE7-1FAA-4A5A-87E2-2D1A9BA60D64}.Release|Any CPU.Build.0 = Release|Any CPU
		{8AF4AA6F-5F8D-424E-8C70-053684801857}.Debug|Any CPU.ActiveCfg = Debug|Any CPU
		{8AF4AA6F-5F8D-424E-8C70-053684801857}.Debug|Any CPU.Build.0 = Debug|Any CPU
		{8AF4AA6F-5F8D-424E-8C70-053684801857}.Release|Any CPU.ActiveCfg = Release|Any CPU
		{8AF4AA6F-5F8D-424E-8C70-053684801857}.Release|Any CPU.Build.0 = Release|Any CPU
		{7A4EAC9F-6550-4A05-B424-CB0375066BB9}.Debug|Any CPU.ActiveCfg = Debug|Any CPU
		{7A4EAC9F-6550-4A05-B424-CB0375066BB9}.Debug|Any CPU.Build.0 = Debug|Any CPU
		{7A4EAC9F-6550-4A05-B424-CB0375066BB9}.Release|Any CPU.ActiveCfg = Release|Any CPU
		{7A4EAC9F-6550-4A05-B424-CB0375066BB9}.Release|Any CPU.Build.0 = Release|Any CPU
		{5D23D86B-0448-461E-B95C-EF73E26BCEE8}.Debug|Any CPU.ActiveCfg = Debug|Any CPU
		{5D23D86B-0448-461E-B95C-EF73E26BCEE8}.Debug|Any CPU.Build.0 = Debug|Any CPU
		{5D23D86B-0448-461E-B95C-EF73E26BCEE8}.Release|Any CPU.ActiveCfg = Release|Any CPU
		{5D23D86B-0448-461E-B95C-EF73E26BCEE8}.Release|Any CPU.Build.0 = Release|Any CPU
		{CF70FB40-001B-4BAB-B7B7-7B9DA844383A}.Debug|Any CPU.ActiveCfg = Debug|Any CPU
		{CF70FB40-001B-4BAB-B7B7-7B9DA844383A}.Debug|Any CPU.Build.0 = Debug|Any CPU
		{CF70FB40-001B-4BAB-B7B7-7B9DA844383A}.Release|Any CPU.ActiveCfg = Release|Any CPU
		{CF70FB40-001B-4BAB-B7B7-7B9DA844383A}.Release|Any CPU.Build.0 = Release|Any CPU
		{29AEC2F3-3458-40C9-BA28-FE4900270ED2}.Debug|Any CPU.ActiveCfg = Debug|Any CPU
		{29AEC2F3-3458-40C9-BA28-FE4900270ED2}.Debug|Any CPU.Build.0 = Debug|Any CPU
		{29AEC2F3-3458-40C9-BA28-FE4900270ED2}.Release|Any CPU.ActiveCfg = Release|Any CPU
		{29AEC2F3-3458-40C9-BA28-FE4900270ED2}.Release|Any CPU.Build.0 = Release|Any CPU
	EndGlobalSection
	GlobalSection(SolutionProperties) = preSolution
		HideSolutionNode = FALSE
	EndGlobalSection
	GlobalSection(NestedProjects) = preSolution
		{ADEC7584-B86D-4482-B9C1-C1E9556F87EF} = {181267C1-BBCE-4A05-AC9A-F37D8BA71F4A}
		{839A0240-E829-449D-BF9D-1317BA88B854} = {181267C1-BBCE-4A05-AC9A-F37D8BA71F4A}
		{966D28AC-93C9-41D5-811E-84C4DC3BD829} = {A50AC6F2-7BFF-44CC-8A9B-D4D25665FDF7}
		{E30D0AEA-1205-43D9-80E6-022A04EB3D58} = {AA09343E-73E2-43F4-8808-FC488E5D7391}
		{8611E7BD-3B88-4546-AEFC-94E4FB8EB5E6} = {14513527-E0A8-401F-8CE8-8D95647F1665}
		{A06DD365-7829-457E-AFEF-AACAF167B2B3} = {DD0C9D51-4A56-43F2-B4BB-8FB0B9C37A7D}
		{3141EE13-BB6A-410D-85F0-E9EF6904E2BD} = {181267C1-BBCE-4A05-AC9A-F37D8BA71F4A}
		{06121EE7-1FAA-4A5A-87E2-2D1A9BA60D64} = {59729EB3-85AC-4B1B-9A94-325E577E21A9}
		{8AF4AA6F-5F8D-424E-8C70-053684801857} = {7B8FC8E8-5599-4918-B3A7-AFE3A98E5D25}
		{7A4EAC9F-6550-4A05-B424-CB0375066BB9} = {7B8FC8E8-5599-4918-B3A7-AFE3A98E5D25}
		{5D23D86B-0448-461E-B95C-EF73E26BCEE8} = {CB74F1AB-EE25-4D57-BBA4-A0D251D96F01}
		{CF70FB40-001B-4BAB-B7B7-7B9DA844383A} = {CB74F1AB-EE25-4D57-BBA4-A0D251D96F01}
		{29AEC2F3-3458-40C9-BA28-FE4900270ED2} = {CB74F1AB-EE25-4D57-BBA4-A0D251D96F01}
	EndGlobalSection
	GlobalSection(ExtensibilityGlobals) = postSolution
		SolutionGuid = {D725237A-DA7B-403E-965D-75EEAD618FEC}
	EndGlobalSection
EndGlobal
